PODS:
  - PhenixClosedCaptions (0.1.0):
    - PhenixSdk (~> 2021.0.0-beta)
  - PhenixSdk (2021.0.1-beta)
  - SwiftLint (0.42.0)

DEPENDENCIES:
  - PhenixClosedCaptions (from `../PhenixClosedCaptions`)
  - PhenixSdk (= 2021.0.1-beta)
  - SwiftLint (~> 0.42.0)

SPEC REPOS:
  "git@github.com:PhenixRTS/CocoaPodsSpecs.git":
    - PhenixSdk
  trunk:
    - SwiftLint

EXTERNAL SOURCES:
  PhenixClosedCaptions:
    :path: "../PhenixClosedCaptions"

SPEC CHECKSUMS:
  PhenixClosedCaptions: 71568337f8f716213406a75461aa364637047ce7
  PhenixSdk: d52f35d5ff551e4a86b64ddc6d59495d605c1796
  SwiftLint: 4fa9579c63416865179bc416f0a92d55f009600d

PODFILE CHECKSUM: 415feb388a12798454e7415f3797038435743c8f

COCOAPODS: 1.10.0
