PODS:
  - PhenixClosedCaptions (0.1.0):
    - PhenixSdk (= 2020.1.71-beta)
  - PhenixSdk (2020.1.71-beta)
  - SwiftLint (0.41.0)

DEPENDENCIES:
  - PhenixClosedCaptions (from `../PhenixClosedCaptions`)
  - PhenixSdk (= 2020.1.71-beta)
  - SwiftLint (~> 0.41.0)

SPEC REPOS:
  "git@github.com:PhenixRTS/CocoaPodsSpecs.git":
    - PhenixSdk
  trunk:
    - SwiftLint

EXTERNAL SOURCES:
  PhenixClosedCaptions:
    :path: "../PhenixClosedCaptions"

SPEC CHECKSUMS:
  PhenixClosedCaptions: f13226cc954eeff784595a9cfc7386cd29b9a186
  PhenixSdk: 898a1866b969e60f772150bd6e26f12d1c5e9b2e
  SwiftLint: c585ebd615d9520d7fbdbe151f527977b0534f1e

PODFILE CHECKSUM: 357251e24ccf6e0edb60a4075fbc4318cc7ac5ea

COCOAPODS: 1.9.3
